
Microsoft Visual Studio Solution File, Format Version 12.00
# Visual Studio Version 17
VisualStudioVersion = 17.12.35527.113
MinimumVisualStudioVersion = 10.0.40219.1
Project("{FAE04EC0-301F-11D3-BF4B-00C04F79EFBC}") = "Client", "Client.csproj", "{D16F8A20-31DF-450C-9DC4-7819E16723B0}"
EndProject
Project("{FAE04EC0-301F-11D3-BF4B-00C04F79EFBC}") = "Server", "..\Server\Server.csproj", "{610D3154-D603-44CF-BAC7-7D50735186C6}"
EndProject
Project("{FAE04EC0-301F-11D3-BF4B-00C04F79EFBC}") = "Algorithms", "..\Algorithms\Algorithms.csproj", "{86402258-774D-4A38-BCCD-FE89FCD47D8E}"
EndProject
Project("{FAE04EC0-301F-11D3-BF4B-00C04F79EFBC}") = "Communication", "..\Communication\Communication.csproj", "{082B2001-7261-4A32-A92A-05AE8086EF23}"
EndProject
Global
	GlobalSection(SolutionConfigurationPlatforms) = preSolution
		Debug|Any CPU = Debug|Any CPU
		Release|Any CPU = Release|Any CPU
	EndGlobalSection
	GlobalSection(ProjectConfigurationPlatforms) = postSolution
		{D16F8A20-31DF-450C-9DC4-7819E16723B0}.Debug|Any CPU.ActiveCfg = Debug|Any CPU
		{D16F8A20-31DF-450C-9DC4-7819E16723B0}.Debug|Any CPU.Build.0 = Debug|Any CPU
		{D16F8A20-31DF-450C-9DC4-7819E16723B0}.Release|Any CPU.ActiveCfg = Release|Any CPU
		{D16F8A20-31DF-450C-9DC4-7819E16723B0}.Release|Any CPU.Build.0 = Release|Any CPU
		{610D3154-D603-44CF-BAC7-7D50735186C6}.Debug|Any CPU.ActiveCfg = Debug|Any CPU
		{610D3154-D603-44CF-BAC7-7D50735186C6}.Debug|Any CPU.Build.0 = Debug|Any CPU
		{610D3154-D603-44CF-BAC7-7D50735186C6}.Release|Any CPU.ActiveCfg = Release|Any CPU
		{610D3154-D603-44CF-BAC7-7D50735186C6}.Release|Any CPU.Build.0 = Release|Any CPU
		{86402258-774D-4A38-BCCD-FE89FCD47D8E}.Debug|Any CPU.ActiveCfg = Debug|Any CPU
		{86402258-774D-4A38-BCCD-FE89FCD47D8E}.Debug|Any CPU.Build.0 = Debug|Any CPU
		{86402258-774D-4A38-BCCD-FE89FCD47D8E}.Release|Any CPU.ActiveCfg = Release|Any CPU
		{86402258-774D-4A38-BCCD-FE89FCD47D8E}.Release|Any CPU.Build.0 = Release|Any CPU
		{082B2001-7261-4A32-A92A-05AE8086EF23}.Debug|Any CPU.ActiveCfg = Debug|Any CPU
		{082B2001-7261-4A32-A92A-05AE8086EF23}.Debug|Any CPU.Build.0 = Debug|Any CPU
		{082B2001-7261-4A32-A92A-05AE8086EF23}.Release|Any CPU.ActiveCfg = Release|Any CPU
		{082B2001-7261-4A32-A92A-05AE8086EF23}.Release|Any CPU.Build.0 = Release|Any CPU
	EndGlobalSection
	GlobalSection(SolutionProperties) = preSolution
		HideSolutionNode = FALSE
	EndGlobalSection
	GlobalSection(ExtensibilityGlobals) = postSolution
		SolutionGuid = {03BA4E53-7AD6-4EE2-ADCF-71E42D2EFA68}
	EndGlobalSection
EndGlobal
